
Microsoft Visual Studio Solution File, Format Version 12.00
# Visual Studio Version 16
VisualStudioVersion = 16.0.30320.27
MinimumVisualStudioVersion = 10.0.40219.1
Project("{FAE04EC0-301F-11D3-BF4B-00C04F79EFBC}") = "HomeRealm_Project", "HomeRealm_Project\HomeRealm_Project.csproj", "{969DED03-4C35-4F0C-A1FC-B0420D49366F}"
EndProject
Global
	GlobalSection(SolutionConfigurationPlatforms) = preSolution
		Debug|Any CPU = Debug|Any CPU
		Release|Any CPU = Release|Any CPU
	EndGlobalSection
	GlobalSection(ProjectConfigurationPlatforms) = postSolution
		{969DED03-4C35-4F0C-A1FC-B0420D49366F}.Debug|Any CPU.ActiveCfg = Debug|Any CPU
		{969DED03-4C35-4F0C-A1FC-B0420D49366F}.Debug|Any CPU.Build.0 = Debug|Any CPU
		{969DED03-4C35-4F0C-A1FC-B0420D49366F}.Release|Any CPU.ActiveCfg = Release|Any CPU
		{969DED03-4C35-4F0C-A1FC-B0420D49366F}.Release|Any CPU.Build.0 = Release|Any CPU
	EndGlobalSection
	GlobalSection(SolutionProperties) = preSolution
		HideSolutionNode = FALSE
	EndGlobalSection
	GlobalSection(ExtensibilityGlobals) = postSolution
		SolutionGuid = {6281549F-6ECC-47B0-91EF-C9B885EDE3D7}
	EndGlobalSection
EndGlobal
